
Microsoft Visual Studio Solution File, Format Version 12.00
# Visual Studio 15
VisualStudioVersion = 15.0.26730.12
MinimumVisualStudioVersion = 10.0.40219.1
Project("{FAE04EC0-301F-11D3-BF4B-00C04F79EFBC}") = "IsAnagram", "IsAnagram\IsAnagram.csproj", "{7632C822-18FB-45B6-8AAF-5C46A619F6CC}"
EndProject
Global
	GlobalSection(SolutionConfigurationPlatforms) = preSolution
		Debug|Any CPU = Debug|Any CPU
		Release|Any CPU = Release|Any CPU
	EndGlobalSection
	GlobalSection(ProjectConfigurationPlatforms) = postSolution
		{7632C822-18FB-45B6-8AAF-5C46A619F6CC}.Debug|Any CPU.ActiveCfg = Debug|Any CPU
		{7632C822-18FB-45B6-8AAF-5C46A619F6CC}.Debug|Any CPU.Build.0 = Debug|Any CPU
		{7632C822-18FB-45B6-8AAF-5C46A619F6CC}.Release|Any CPU.ActiveCfg = Release|Any CPU
		{7632C822-18FB-45B6-8AAF-5C46A619F6CC}.Release|Any CPU.Build.0 = Release|Any CPU
	EndGlobalSection
	GlobalSection(SolutionProperties) = preSolution
		HideSolutionNode = FALSE
	EndGlobalSection
	GlobalSection(ExtensibilityGlobals) = postSolution
		SolutionGuid = {2E42FF50-2296-4890-ADA9-6E6C07B0E741}
	EndGlobalSection
EndGlobal
