
Microsoft Visual Studio Solution File, Format Version 12.00
# Visual Studio 15
VisualStudioVersion = 15.0.26730.12
MinimumVisualStudioVersion = 10.0.40219.1
Project("{FAE04EC0-301F-11D3-BF4B-00C04F79EFBC}") = "SquareGrid", "SquareGrid\SquareGrid.csproj", "{31652C11-B183-4E24-B7A9-6181BA4EB3D3}"
EndProject
Global
	GlobalSection(SolutionConfigurationPlatforms) = preSolution
		Debug|Any CPU = Debug|Any CPU
		Release|Any CPU = Release|Any CPU
	EndGlobalSection
	GlobalSection(ProjectConfigurationPlatforms) = postSolution
		{31652C11-B183-4E24-B7A9-6181BA4EB3D3}.Debug|Any CPU.ActiveCfg = Debug|Any CPU
		{31652C11-B183-4E24-B7A9-6181BA4EB3D3}.Debug|Any CPU.Build.0 = Debug|Any CPU
		{31652C11-B183-4E24-B7A9-6181BA4EB3D3}.Release|Any CPU.ActiveCfg = Release|Any CPU
		{31652C11-B183-4E24-B7A9-6181BA4EB3D3}.Release|Any CPU.Build.0 = Release|Any CPU
	EndGlobalSection
	GlobalSection(SolutionProperties) = preSolution
		HideSolutionNode = FALSE
	EndGlobalSection
	GlobalSection(ExtensibilityGlobals) = postSolution
		SolutionGuid = {EDAD7E18-1607-4EB8-B926-286614C9264E}
	EndGlobalSection
EndGlobal
