
Microsoft Visual Studio Solution File, Format Version 12.00
# Visual Studio 15
VisualStudioVersion = 15.0.26730.12
MinimumVisualStudioVersion = 10.0.40219.1
Project("{FAE04EC0-301F-11D3-BF4B-00C04F79EFBC}") = "07 String1", "07 String1\07 String1.csproj", "{DEF442CB-738E-48C8-A2B9-45DA012A74A9}"
EndProject
Global
	GlobalSection(SolutionConfigurationPlatforms) = preSolution
		Debug|Any CPU = Debug|Any CPU
		Release|Any CPU = Release|Any CPU
	EndGlobalSection
	GlobalSection(ProjectConfigurationPlatforms) = postSolution
		{DEF442CB-738E-48C8-A2B9-45DA012A74A9}.Debug|Any CPU.ActiveCfg = Debug|Any CPU
		{DEF442CB-738E-48C8-A2B9-45DA012A74A9}.Debug|Any CPU.Build.0 = Debug|Any CPU
		{DEF442CB-738E-48C8-A2B9-45DA012A74A9}.Release|Any CPU.ActiveCfg = Release|Any CPU
		{DEF442CB-738E-48C8-A2B9-45DA012A74A9}.Release|Any CPU.Build.0 = Release|Any CPU
	EndGlobalSection
	GlobalSection(SolutionProperties) = preSolution
		HideSolutionNode = FALSE
	EndGlobalSection
	GlobalSection(ExtensibilityGlobals) = postSolution
		SolutionGuid = {6519E147-FED0-459E-901E-0693E4D6631D}
	EndGlobalSection
EndGlobal
