
Microsoft Visual Studio Solution File, Format Version 12.00
# Visual Studio 15
VisualStudioVersion = 15.0.26730.12
MinimumVisualStudioVersion = 10.0.40219.1
Project("{FAE04EC0-301F-11D3-BF4B-00C04F79EFBC}") = "08 String2", "08 String2\08 String2.csproj", "{374AD9F8-9105-41FD-AE8B-9BA0BA571A6F}"
EndProject
Global
	GlobalSection(SolutionConfigurationPlatforms) = preSolution
		Debug|Any CPU = Debug|Any CPU
		Release|Any CPU = Release|Any CPU
	EndGlobalSection
	GlobalSection(ProjectConfigurationPlatforms) = postSolution
		{374AD9F8-9105-41FD-AE8B-9BA0BA571A6F}.Debug|Any CPU.ActiveCfg = Debug|Any CPU
		{374AD9F8-9105-41FD-AE8B-9BA0BA571A6F}.Debug|Any CPU.Build.0 = Debug|Any CPU
		{374AD9F8-9105-41FD-AE8B-9BA0BA571A6F}.Release|Any CPU.ActiveCfg = Release|Any CPU
		{374AD9F8-9105-41FD-AE8B-9BA0BA571A6F}.Release|Any CPU.Build.0 = Release|Any CPU
	EndGlobalSection
	GlobalSection(SolutionProperties) = preSolution
		HideSolutionNode = FALSE
	EndGlobalSection
	GlobalSection(ExtensibilityGlobals) = postSolution
		SolutionGuid = {4C136692-99AC-495E-B1D6-DADE26F16354}
	EndGlobalSection
EndGlobal
