
Microsoft Visual Studio Solution File, Format Version 12.00
# Visual Studio 15
VisualStudioVersion = 15.0.26730.12
MinimumVisualStudioVersion = 10.0.40219.1
Project("{FAE04EC0-301F-11D3-BF4B-00C04F79EFBC}") = "05 HorizontalLines", "05 HorizontalLines\05 HorizontalLines.csproj", "{CA1CEA4B-2B8C-4D16-8BD2-20A866877A77}"
EndProject
Global
	GlobalSection(SolutionConfigurationPlatforms) = preSolution
		Debug|Any CPU = Debug|Any CPU
		Release|Any CPU = Release|Any CPU
	EndGlobalSection
	GlobalSection(ProjectConfigurationPlatforms) = postSolution
		{CA1CEA4B-2B8C-4D16-8BD2-20A866877A77}.Debug|Any CPU.ActiveCfg = Debug|Any CPU
		{CA1CEA4B-2B8C-4D16-8BD2-20A866877A77}.Debug|Any CPU.Build.0 = Debug|Any CPU
		{CA1CEA4B-2B8C-4D16-8BD2-20A866877A77}.Release|Any CPU.ActiveCfg = Release|Any CPU
		{CA1CEA4B-2B8C-4D16-8BD2-20A866877A77}.Release|Any CPU.Build.0 = Release|Any CPU
	EndGlobalSection
	GlobalSection(SolutionProperties) = preSolution
		HideSolutionNode = FALSE
	EndGlobalSection
	GlobalSection(ExtensibilityGlobals) = postSolution
		SolutionGuid = {5A2B87F4-8D8A-4835-BDD0-8D768CA4FAF7}
	EndGlobalSection
EndGlobal
