
Microsoft Visual Studio Solution File, Format Version 12.00
# Visual Studio 15
VisualStudioVersion = 15.0.26730.12
MinimumVisualStudioVersion = 10.0.40219.1
Project("{FAE04EC0-301F-11D3-BF4B-00C04F79EFBC}") = "03 SumDigit", "03 SumDigit\03 SumDigit.csproj", "{7892CA4E-0A10-4CC3-9314-5E23FCA95A8F}"
EndProject
Global
	GlobalSection(SolutionConfigurationPlatforms) = preSolution
		Debug|Any CPU = Debug|Any CPU
		Release|Any CPU = Release|Any CPU
	EndGlobalSection
	GlobalSection(ProjectConfigurationPlatforms) = postSolution
		{7892CA4E-0A10-4CC3-9314-5E23FCA95A8F}.Debug|Any CPU.ActiveCfg = Debug|Any CPU
		{7892CA4E-0A10-4CC3-9314-5E23FCA95A8F}.Debug|Any CPU.Build.0 = Debug|Any CPU
		{7892CA4E-0A10-4CC3-9314-5E23FCA95A8F}.Release|Any CPU.ActiveCfg = Release|Any CPU
		{7892CA4E-0A10-4CC3-9314-5E23FCA95A8F}.Release|Any CPU.Build.0 = Release|Any CPU
	EndGlobalSection
	GlobalSection(SolutionProperties) = preSolution
		HideSolutionNode = FALSE
	EndGlobalSection
	GlobalSection(ExtensibilityGlobals) = postSolution
		SolutionGuid = {670B033F-F526-45D6-B983-4693C9915E4F}
	EndGlobalSection
EndGlobal
