
Microsoft Visual Studio Solution File, Format Version 12.00
# Visual Studio 15
VisualStudioVersion = 15.0.26730.12
MinimumVisualStudioVersion = 10.0.40219.1
Project("{FAE04EC0-301F-11D3-BF4B-00C04F79EFBC}") = "01 - SimpleReplace", "01 - SimpleReplace\01 - SimpleReplace.csproj", "{DD40AFBF-1F59-4A46-801B-2320F3437AE9}"
EndProject
Global
	GlobalSection(SolutionConfigurationPlatforms) = preSolution
		Debug|Any CPU = Debug|Any CPU
		Release|Any CPU = Release|Any CPU
	EndGlobalSection
	GlobalSection(ProjectConfigurationPlatforms) = postSolution
		{DD40AFBF-1F59-4A46-801B-2320F3437AE9}.Debug|Any CPU.ActiveCfg = Debug|Any CPU
		{DD40AFBF-1F59-4A46-801B-2320F3437AE9}.Debug|Any CPU.Build.0 = Debug|Any CPU
		{DD40AFBF-1F59-4A46-801B-2320F3437AE9}.Release|Any CPU.ActiveCfg = Release|Any CPU
		{DD40AFBF-1F59-4A46-801B-2320F3437AE9}.Release|Any CPU.Build.0 = Release|Any CPU
	EndGlobalSection
	GlobalSection(SolutionProperties) = preSolution
		HideSolutionNode = FALSE
	EndGlobalSection
	GlobalSection(ExtensibilityGlobals) = postSolution
		SolutionGuid = {0BD1D7C6-C68C-4F47-BBB9-C32076F393D6}
	EndGlobalSection
EndGlobal
