
Microsoft Visual Studio Solution File, Format Version 12.00
# Visual Studio 15
VisualStudioVersion = 15.0.26730.12
MinimumVisualStudioVersion = 10.0.40219.1
Project("{FAE04EC0-301F-11D3-BF4B-00C04F79EFBC}") = "TwentyPlusOne", "TwentyPlusOne\TwentyPlusOne.csproj", "{E7341EFD-3261-446C-B05F-893C9DA6DC6E}"
EndProject
Global
	GlobalSection(SolutionConfigurationPlatforms) = preSolution
		Debug|Any CPU = Debug|Any CPU
		Release|Any CPU = Release|Any CPU
	EndGlobalSection
	GlobalSection(ProjectConfigurationPlatforms) = postSolution
		{E7341EFD-3261-446C-B05F-893C9DA6DC6E}.Debug|Any CPU.ActiveCfg = Debug|Any CPU
		{E7341EFD-3261-446C-B05F-893C9DA6DC6E}.Debug|Any CPU.Build.0 = Debug|Any CPU
		{E7341EFD-3261-446C-B05F-893C9DA6DC6E}.Release|Any CPU.ActiveCfg = Release|Any CPU
		{E7341EFD-3261-446C-B05F-893C9DA6DC6E}.Release|Any CPU.Build.0 = Release|Any CPU
	EndGlobalSection
	GlobalSection(SolutionProperties) = preSolution
		HideSolutionNode = FALSE
	EndGlobalSection
	GlobalSection(ExtensibilityGlobals) = postSolution
		SolutionGuid = {12730081-E7F6-406F-8256-B3EFFD3FE49D}
	EndGlobalSection
EndGlobal
