
Microsoft Visual Studio Solution File, Format Version 12.00
# Visual Studio 15
VisualStudioVersion = 15.0.26730.12
MinimumVisualStudioVersion = 10.0.40219.1
Project("{FAE04EC0-301F-11D3-BF4B-00C04F79EFBC}") = "KochLine", "KochLine\KochLine.csproj", "{549572B7-B15A-4E46-9DA7-AF1264DE5441}"
EndProject
Global
	GlobalSection(SolutionConfigurationPlatforms) = preSolution
		Debug|Any CPU = Debug|Any CPU
		Release|Any CPU = Release|Any CPU
	EndGlobalSection
	GlobalSection(ProjectConfigurationPlatforms) = postSolution
		{549572B7-B15A-4E46-9DA7-AF1264DE5441}.Debug|Any CPU.ActiveCfg = Debug|Any CPU
		{549572B7-B15A-4E46-9DA7-AF1264DE5441}.Debug|Any CPU.Build.0 = Debug|Any CPU
		{549572B7-B15A-4E46-9DA7-AF1264DE5441}.Release|Any CPU.ActiveCfg = Release|Any CPU
		{549572B7-B15A-4E46-9DA7-AF1264DE5441}.Release|Any CPU.Build.0 = Release|Any CPU
	EndGlobalSection
	GlobalSection(SolutionProperties) = preSolution
		HideSolutionNode = FALSE
	EndGlobalSection
	GlobalSection(ExtensibilityGlobals) = postSolution
		SolutionGuid = {FE8D8834-220C-4D82-B4FB-77F1F9A7B3C3}
	EndGlobalSection
EndGlobal
