
Microsoft Visual Studio Solution File, Format Version 12.00
# Visual Studio 15
VisualStudioVersion = 15.0.26730.12
MinimumVisualStudioVersion = 10.0.40219.1
Project("{FAE04EC0-301F-11D3-BF4B-00C04F79EFBC}") = "CounterApp", "Counter\CounterApp.csproj", "{ABC80DC6-D2FD-4101-A8C6-037CF3A1794A}"
EndProject
Global
	GlobalSection(SolutionConfigurationPlatforms) = preSolution
		Debug|Any CPU = Debug|Any CPU
		Release|Any CPU = Release|Any CPU
	EndGlobalSection
	GlobalSection(ProjectConfigurationPlatforms) = postSolution
		{ABC80DC6-D2FD-4101-A8C6-037CF3A1794A}.Debug|Any CPU.ActiveCfg = Debug|Any CPU
		{ABC80DC6-D2FD-4101-A8C6-037CF3A1794A}.Debug|Any CPU.Build.0 = Debug|Any CPU
		{ABC80DC6-D2FD-4101-A8C6-037CF3A1794A}.Release|Any CPU.ActiveCfg = Release|Any CPU
		{ABC80DC6-D2FD-4101-A8C6-037CF3A1794A}.Release|Any CPU.Build.0 = Release|Any CPU
	EndGlobalSection
	GlobalSection(SolutionProperties) = preSolution
		HideSolutionNode = FALSE
	EndGlobalSection
	GlobalSection(ExtensibilityGlobals) = postSolution
		SolutionGuid = {6269D4FE-D925-4DC7-9597-DDA77819000C}
	EndGlobalSection
EndGlobal
