
Microsoft Visual Studio Solution File, Format Version 12.00
# Visual Studio 15
VisualStudioVersion = 15.0.26730.12
MinimumVisualStudioVersion = 10.0.40219.1
Project("{FAE04EC0-301F-11D3-BF4B-00C04F79EFBC}") = "02 NumberAdder", "02 NumberAdder\02 NumberAdder.csproj", "{CF9DE4B7-2228-45CA-8E6F-49C6287B9B3D}"
EndProject
Global
	GlobalSection(SolutionConfigurationPlatforms) = preSolution
		Debug|Any CPU = Debug|Any CPU
		Release|Any CPU = Release|Any CPU
	EndGlobalSection
	GlobalSection(ProjectConfigurationPlatforms) = postSolution
		{CF9DE4B7-2228-45CA-8E6F-49C6287B9B3D}.Debug|Any CPU.ActiveCfg = Debug|Any CPU
		{CF9DE4B7-2228-45CA-8E6F-49C6287B9B3D}.Debug|Any CPU.Build.0 = Debug|Any CPU
		{CF9DE4B7-2228-45CA-8E6F-49C6287B9B3D}.Release|Any CPU.ActiveCfg = Release|Any CPU
		{CF9DE4B7-2228-45CA-8E6F-49C6287B9B3D}.Release|Any CPU.Build.0 = Release|Any CPU
	EndGlobalSection
	GlobalSection(SolutionProperties) = preSolution
		HideSolutionNode = FALSE
	EndGlobalSection
	GlobalSection(ExtensibilityGlobals) = postSolution
		SolutionGuid = {71C0D99F-A64D-45B2-A173-830A3AFAFFBB}
	EndGlobalSection
EndGlobal
