
Microsoft Visual Studio Solution File, Format Version 12.00
# Visual Studio 15
VisualStudioVersion = 15.0.26730.12
MinimumVisualStudioVersion = 10.0.40219.1
Project("{FAE04EC0-301F-11D3-BF4B-00C04F79EFBC}") = "DivideByZero", "DivideByZero\DivideByZero.csproj", "{0F3E0A3F-D284-47D2-8B15-B96A79C28653}"
EndProject
Global
	GlobalSection(SolutionConfigurationPlatforms) = preSolution
		Debug|Any CPU = Debug|Any CPU
		Release|Any CPU = Release|Any CPU
	EndGlobalSection
	GlobalSection(ProjectConfigurationPlatforms) = postSolution
		{0F3E0A3F-D284-47D2-8B15-B96A79C28653}.Debug|Any CPU.ActiveCfg = Debug|Any CPU
		{0F3E0A3F-D284-47D2-8B15-B96A79C28653}.Debug|Any CPU.Build.0 = Debug|Any CPU
		{0F3E0A3F-D284-47D2-8B15-B96A79C28653}.Release|Any CPU.ActiveCfg = Release|Any CPU
		{0F3E0A3F-D284-47D2-8B15-B96A79C28653}.Release|Any CPU.Build.0 = Release|Any CPU
	EndGlobalSection
	GlobalSection(SolutionProperties) = preSolution
		HideSolutionNode = FALSE
	EndGlobalSection
	GlobalSection(ExtensibilityGlobals) = postSolution
		SolutionGuid = {8B9E8333-989C-4AEE-BB82-426E581C770B}
	EndGlobalSection
EndGlobal
