
Microsoft Visual Studio Solution File, Format Version 12.00
# Visual Studio 15
VisualStudioVersion = 15.0.26730.12
MinimumVisualStudioVersion = 10.0.40219.1
Project("{FAE04EC0-301F-11D3-BF4B-00C04F79EFBC}") = "GreetSomeone", "GreetSomeone\GreetSomeone.csproj", "{32304E83-E21A-43D4-BFBC-90527914708D}"
EndProject
Global
	GlobalSection(SolutionConfigurationPlatforms) = preSolution
		Debug|Any CPU = Debug|Any CPU
		Release|Any CPU = Release|Any CPU
	EndGlobalSection
	GlobalSection(ProjectConfigurationPlatforms) = postSolution
		{32304E83-E21A-43D4-BFBC-90527914708D}.Debug|Any CPU.ActiveCfg = Debug|Any CPU
		{32304E83-E21A-43D4-BFBC-90527914708D}.Debug|Any CPU.Build.0 = Debug|Any CPU
		{32304E83-E21A-43D4-BFBC-90527914708D}.Release|Any CPU.ActiveCfg = Release|Any CPU
		{32304E83-E21A-43D4-BFBC-90527914708D}.Release|Any CPU.Build.0 = Release|Any CPU
	EndGlobalSection
	GlobalSection(SolutionProperties) = preSolution
		HideSolutionNode = FALSE
	EndGlobalSection
	GlobalSection(ExtensibilityGlobals) = postSolution
		SolutionGuid = {70DFB5EB-4404-4497-B28C-BA8D5E9D6739}
	EndGlobalSection
EndGlobal
