
Microsoft Visual Studio Solution File, Format Version 12.00
# Visual Studio 15
VisualStudioVersion = 15.0.26730.12
MinimumVisualStudioVersion = 10.0.40219.1
Project("{FAE04EC0-301F-11D3-BF4B-00C04F79EFBC}") = "09 String3", "09 String3\09 String3.csproj", "{40F90805-E9FA-46CE-B24A-BE9692DB987F}"
EndProject
Global
	GlobalSection(SolutionConfigurationPlatforms) = preSolution
		Debug|Any CPU = Debug|Any CPU
		Release|Any CPU = Release|Any CPU
	EndGlobalSection
	GlobalSection(ProjectConfigurationPlatforms) = postSolution
		{40F90805-E9FA-46CE-B24A-BE9692DB987F}.Debug|Any CPU.ActiveCfg = Debug|Any CPU
		{40F90805-E9FA-46CE-B24A-BE9692DB987F}.Debug|Any CPU.Build.0 = Debug|Any CPU
		{40F90805-E9FA-46CE-B24A-BE9692DB987F}.Release|Any CPU.ActiveCfg = Release|Any CPU
		{40F90805-E9FA-46CE-B24A-BE9692DB987F}.Release|Any CPU.Build.0 = Release|Any CPU
	EndGlobalSection
	GlobalSection(SolutionProperties) = preSolution
		HideSolutionNode = FALSE
	EndGlobalSection
	GlobalSection(ExtensibilityGlobals) = postSolution
		SolutionGuid = {43CF2002-2952-4AEC-A7CE-6E5B7582B726}
	EndGlobalSection
EndGlobal
