
Microsoft Visual Studio Solution File, Format Version 12.00
# Visual Studio 15
VisualStudioVersion = 15.0.26730.12
MinimumVisualStudioVersion = 10.0.40219.1
Project("{FAE04EC0-301F-11D3-BF4B-00C04F79EFBC}") = "10 Fibonacci", "10 Fibonacci\10 Fibonacci.csproj", "{5CD27655-1ACF-4F99-810F-060AF568131E}"
EndProject
Global
	GlobalSection(SolutionConfigurationPlatforms) = preSolution
		Debug|Any CPU = Debug|Any CPU
		Release|Any CPU = Release|Any CPU
	EndGlobalSection
	GlobalSection(ProjectConfigurationPlatforms) = postSolution
		{5CD27655-1ACF-4F99-810F-060AF568131E}.Debug|Any CPU.ActiveCfg = Debug|Any CPU
		{5CD27655-1ACF-4F99-810F-060AF568131E}.Debug|Any CPU.Build.0 = Debug|Any CPU
		{5CD27655-1ACF-4F99-810F-060AF568131E}.Release|Any CPU.ActiveCfg = Release|Any CPU
		{5CD27655-1ACF-4F99-810F-060AF568131E}.Release|Any CPU.Build.0 = Release|Any CPU
	EndGlobalSection
	GlobalSection(SolutionProperties) = preSolution
		HideSolutionNode = FALSE
	EndGlobalSection
	GlobalSection(ExtensibilityGlobals) = postSolution
		SolutionGuid = {23544E93-7577-4BE2-8E76-9D8E850B8E3B}
	EndGlobalSection
EndGlobal
